
Microsoft Visual Studio Solution File, Format Version 12.00
# Visual Studio Version 17
VisualStudioVersion = 17.4.33122.133
MinimumVisualStudioVersion = 10.0.40219.1
Project("{FAE04EC0-301F-11D3-BF4B-00C04F79EFBC}") = "ParallelMergeSort", "ParallelMergeSort\ParallelMergeSort.csproj", "{A2894F4B-B205-48DC-9C35-F64D185F9357}"
EndProject
Global
	GlobalSection(SolutionConfigurationPlatforms) = preSolution
		Debug|Any CPU = Debug|Any CPU
		Release|Any CPU = Release|Any CPU
	EndGlobalSection
	GlobalSection(ProjectConfigurationPlatforms) = postSolution
		{A2894F4B-B205-48DC-9C35-F64D185F9357}.Debug|Any CPU.ActiveCfg = Debug|Any CPU
		{A2894F4B-B205-48DC-9C35-F64D185F9357}.Debug|Any CPU.Build.0 = Debug|Any CPU
		{A2894F4B-B205-48DC-9C35-F64D185F9357}.Release|Any CPU.ActiveCfg = Release|Any CPU
		{A2894F4B-B205-48DC-9C35-F64D185F9357}.Release|Any CPU.Build.0 = Release|Any CPU
	EndGlobalSection
	GlobalSection(SolutionProperties) = preSolution
		HideSolutionNode = FALSE
	EndGlobalSection
	GlobalSection(ExtensibilityGlobals) = postSolution
		SolutionGuid = {D6E540E9-2618-4E6C-AEA4-E227FB8EC2C7}
	EndGlobalSection
EndGlobal
